
Microsoft Visual Studio Solution File, Format Version 12.00
# Visual Studio 14
VisualStudioVersion = 14.0.25420.1
MinimumVisualStudioVersion = 10.0.40219.1
Project("{FAE04EC0-301F-11D3-BF4B-00C04F79EFBC}") = "Test01", "Test01\Test01.csproj", "{54FA3648-1779-4F68-8396-95D42ECEF225}"
EndProject
Project("{FAE04EC0-301F-11D3-BF4B-00C04F79EFBC}") = "Test01Lib", "Test01Lib\Test01Lib.csproj", "{601DE120-278B-442B-A880-818B0BD0E678}"
EndProject
Project("{FAE04EC0-301F-11D3-BF4B-00C04F79EFBC}") = "Test02", "Test02\Test02.csproj", "{36A6CBF4-C11D-454C-B30D-39815B8ABEDA}"
EndProject
Project("{FAE04EC0-301F-11D3-BF4B-00C04F79EFBC}") = "Test02Lib", "Test02Lib\Test02Lib.csproj", "{C9A20967-5F6E-44C5-A388-C97710EA7C9E}"
EndProject
Project("{FAE04EC0-301F-11D3-BF4B-00C04F79EFBC}") = "Test02Lib2", "Test02Lib2\Test02Lib2.csproj", "{06A135F6-E2D5-4DF4-8154-1F8B73AF351F}"
EndProject
Project("{FAE04EC0-301F-11D3-BF4B-00C04F79EFBC}") = "Test03", "Test03\Test03.csproj", "{84BB30AC-4445-46A4-BC0A-D420716A6D30}"
EndProject
Project("{FAE04EC0-301F-11D3-BF4B-00C04F79EFBC}") = "Test03Lib", "Test03Lib\Test03Lib.csproj", "{4C645137-9D4C-4957-BED0-5EA236B4C99B}"
EndProject
Project("{FAE04EC0-301F-11D3-BF4B-00C04F79EFBC}") = "Test03v2", "Test03v2\Test03v2.csproj", "{9F520F36-9786-41E9-9705-89B7EC02FD48}"
EndProject
Project("{FAE04EC0-301F-11D3-BF4B-00C04F79EFBC}") = "Test03v2Lib", "Test03v2Lib\Test03v2Lib.csproj", "{0F36771E-2AD8-463B-81E2-747C698A8086}"
EndProject
Global
	GlobalSection(SolutionConfigurationPlatforms) = preSolution
		Debug|Any CPU = Debug|Any CPU
		Release|Any CPU = Release|Any CPU
	EndGlobalSection
	GlobalSection(ProjectConfigurationPlatforms) = postSolution
		{54FA3648-1779-4F68-8396-95D42ECEF225}.Debug|Any CPU.ActiveCfg = Debug|Any CPU
		{54FA3648-1779-4F68-8396-95D42ECEF225}.Debug|Any CPU.Build.0 = Debug|Any CPU
		{54FA3648-1779-4F68-8396-95D42ECEF225}.Release|Any CPU.ActiveCfg = Release|Any CPU
		{54FA3648-1779-4F68-8396-95D42ECEF225}.Release|Any CPU.Build.0 = Release|Any CPU
		{601DE120-278B-442B-A880-818B0BD0E678}.Debug|Any CPU.ActiveCfg = Debug|Any CPU
		{601DE120-278B-442B-A880-818B0BD0E678}.Debug|Any CPU.Build.0 = Debug|Any CPU
		{601DE120-278B-442B-A880-818B0BD0E678}.Release|Any CPU.ActiveCfg = Release|Any CPU
		{601DE120-278B-442B-A880-818B0BD0E678}.Release|Any CPU.Build.0 = Release|Any CPU
		{36A6CBF4-C11D-454C-B30D-39815B8ABEDA}.Debug|Any CPU.ActiveCfg = Debug|Any CPU
		{36A6CBF4-C11D-454C-B30D-39815B8ABEDA}.Debug|Any CPU.Build.0 = Debug|Any CPU
		{36A6CBF4-C11D-454C-B30D-39815B8ABEDA}.Release|Any CPU.ActiveCfg = Release|Any CPU
		{36A6CBF4-C11D-454C-B30D-39815B8ABEDA}.Release|Any CPU.Build.0 = Release|Any CPU
		{C9A20967-5F6E-44C5-A388-C97710EA7C9E}.Debug|Any CPU.ActiveCfg = Debug|Any CPU
		{C9A20967-5F6E-44C5-A388-C97710EA7C9E}.Debug|Any CPU.Build.0 = Debug|Any CPU
		{C9A20967-5F6E-44C5-A388-C97710EA7C9E}.Release|Any CPU.ActiveCfg = Release|Any CPU
		{C9A20967-5F6E-44C5-A388-C97710EA7C9E}.Release|Any CPU.Build.0 = Release|Any CPU
		{06A135F6-E2D5-4DF4-8154-1F8B73AF351F}.Debug|Any CPU.ActiveCfg = Debug|Any CPU
		{06A135F6-E2D5-4DF4-8154-1F8B73AF351F}.Debug|Any CPU.Build.0 = Debug|Any CPU
		{06A135F6-E2D5-4DF4-8154-1F8B73AF351F}.Release|Any CPU.ActiveCfg = Release|Any CPU
		{06A135F6-E2D5-4DF4-8154-1F8B73AF351F}.Release|Any CPU.Build.0 = Release|Any CPU
		{84BB30AC-4445-46A4-BC0A-D420716A6D30}.Debug|Any CPU.ActiveCfg = Debug|Any CPU
		{84BB30AC-4445-46A4-BC0A-D420716A6D30}.Debug|Any CPU.Build.0 = Debug|Any CPU
		{84BB30AC-4445-46A4-BC0A-D420716A6D30}.Release|Any CPU.ActiveCfg = Release|Any CPU
		{84BB30AC-4445-46A4-BC0A-D420716A6D30}.Release|Any CPU.Build.0 = Release|Any CPU
		{4C645137-9D4C-4957-BED0-5EA236B4C99B}.Debug|Any CPU.ActiveCfg = Debug|Any CPU
		{4C645137-9D4C-4957-BED0-5EA236B4C99B}.Debug|Any CPU.Build.0 = Debug|Any CPU
		{4C645137-9D4C-4957-BED0-5EA236B4C99B}.Release|Any CPU.ActiveCfg = Release|Any CPU
		{4C645137-9D4C-4957-BED0-5EA236B4C99B}.Release|Any CPU.Build.0 = Release|Any CPU
		{9F520F36-9786-41E9-9705-89B7EC02FD48}.Debug|Any CPU.ActiveCfg = Debug|Any CPU
		{9F520F36-9786-41E9-9705-89B7EC02FD48}.Debug|Any CPU.Build.0 = Debug|Any CPU
		{9F520F36-9786-41E9-9705-89B7EC02FD48}.Release|Any CPU.ActiveCfg = Release|Any CPU
		{9F520F36-9786-41E9-9705-89B7EC02FD48}.Release|Any CPU.Build.0 = Release|Any CPU
		{0F36771E-2AD8-463B-81E2-747C698A8086}.Debug|Any CPU.ActiveCfg = Debug|Any CPU
		{0F36771E-2AD8-463B-81E2-747C698A8086}.Debug|Any CPU.Build.0 = Debug|Any CPU
		{0F36771E-2AD8-463B-81E2-747C698A8086}.Release|Any CPU.ActiveCfg = Release|Any CPU
		{0F36771E-2AD8-463B-81E2-747C698A8086}.Release|Any CPU.Build.0 = Release|Any CPU
	EndGlobalSection
	GlobalSection(SolutionProperties) = preSolution
		HideSolutionNode = FALSE
	EndGlobalSection
EndGlobal
